
Microsoft Visual Studio Solution File, Format Version 12.00
# Visual Studio Version 17
VisualStudioVersion = 17.0.31903.59
MinimumVisualStudioVersion = 10.0.40219.1
Project("{2150E333-8FDC-42A3-9474-1A3956D46DE8}") = "src", "src", "{827E0CD3-B72D-47B6-A68D-7590B98EB39B}"
EndProject
Project("{2150E333-8FDC-42A3-9474-1A3956D46DE8}") = "DiscountAPI", "DiscountAPI", "{951F6BF6-02E1-0859-EB3B-B9DB912B064D}"
EndProject
Project("{FAE04EC0-301F-11D3-BF4B-00C04F79EFBC}") = "DiscountsAPI", "src\DiscountAPI\DiscountsAPI.csproj", "{720B9202-692D-496D-B87F-AA96D575DA29}"
EndProject
Project("{2150E333-8FDC-42A3-9474-1A3956D46DE8}") = "DiscountAPI.Core", "DiscountAPI.Core", "{2DA36C91-FF87-DF7B-5CA2-AED083F8CF51}"
EndProject
Project("{FAE04EC0-301F-11D3-BF4B-00C04F79EFBC}") = "DiscountsAPI.Core", "src\DiscountAPI.Core\DiscountsAPI.Core.csproj", "{2CF94702-9750-495A-A04C-338BA71343A1}"
EndProject
Project("{2150E333-8FDC-42A3-9474-1A3956D46DE8}") = "DiscountAPI.Infra", "DiscountAPI.Infra", "{2D0D8589-EB77-9298-2CFD-9127289B03E1}"
EndProject
Project("{FAE04EC0-301F-11D3-BF4B-00C04F79EFBC}") = "DiscountsAPI.Infa", "src\DiscountAPI.Infra\DiscountsAPI.Infa.csproj", "{582ED5C9-B084-42EC-9D01-C031071750E3}"
EndProject
Project("{FAE04EC0-301F-11D3-BF4B-00C04F79EFBC}") = "LoyaltyAPI", "src\LoyaltyAPI\LoyaltyAPI.csproj", "{8D6BCDAF-2CCE-4604-B632-AEF054D869C7}"
EndProject
Project("{FAE04EC0-301F-11D3-BF4B-00C04F79EFBC}") = "LoyaltyAPI.Core", "src\LoyaltyAPI.Core\LoyaltyAPI.Core.csproj", "{FE7A638A-9634-4598-B5E6-8DD2A4D64A3D}"
EndProject
Project("{FAE04EC0-301F-11D3-BF4B-00C04F79EFBC}") = "LoyaltyAPI.Infra", "src\LoyaltyAPI.Infra\LoyaltyAPI.Infra.csproj", "{B05C2B7D-016D-4E2C-A77A-30122EFF76D1}"
EndProject
Project("{FAE04EC0-301F-11D3-BF4B-00C04F79EFBC}") = "Shared.Common", "src\Shared.Common\Shared.Common.csproj", "{AFC34C30-E079-4BD3-A8AD-C686A0AD4B7C}"
EndProject
Global
	GlobalSection(SolutionConfigurationPlatforms) = preSolution
		Debug|Any CPU = Debug|Any CPU
		Debug|x64 = Debug|x64
		Debug|x86 = Debug|x86
		Release|Any CPU = Release|Any CPU
		Release|x64 = Release|x64
		Release|x86 = Release|x86
	EndGlobalSection
	GlobalSection(ProjectConfigurationPlatforms) = postSolution
		{720B9202-692D-496D-B87F-AA96D575DA29}.Debug|Any CPU.ActiveCfg = Debug|Any CPU
		{720B9202-692D-496D-B87F-AA96D575DA29}.Debug|Any CPU.Build.0 = Debug|Any CPU
		{720B9202-692D-496D-B87F-AA96D575DA29}.Debug|x64.ActiveCfg = Debug|Any CPU
		{720B9202-692D-496D-B87F-AA96D575DA29}.Debug|x64.Build.0 = Debug|Any CPU
		{720B9202-692D-496D-B87F-AA96D575DA29}.Debug|x86.ActiveCfg = Debug|Any CPU
		{720B9202-692D-496D-B87F-AA96D575DA29}.Debug|x86.Build.0 = Debug|Any CPU
		{720B9202-692D-496D-B87F-AA96D575DA29}.Release|Any CPU.ActiveCfg = Release|Any CPU
		{720B9202-692D-496D-B87F-AA96D575DA29}.Release|Any CPU.Build.0 = Release|Any CPU
		{720B9202-692D-496D-B87F-AA96D575DA29}.Release|x64.ActiveCfg = Release|Any CPU
		{720B9202-692D-496D-B87F-AA96D575DA29}.Release|x64.Build.0 = Release|Any CPU
		{720B9202-692D-496D-B87F-AA96D575DA29}.Release|x86.ActiveCfg = Release|Any CPU
		{720B9202-692D-496D-B87F-AA96D575DA29}.Release|x86.Build.0 = Release|Any CPU
		{2CF94702-9750-495A-A04C-338BA71343A1}.Debug|Any CPU.ActiveCfg = Debug|Any CPU
		{2CF94702-9750-495A-A04C-338BA71343A1}.Debug|Any CPU.Build.0 = Debug|Any CPU
		{2CF94702-9750-495A-A04C-338BA71343A1}.Debug|x64.ActiveCfg = Debug|Any CPU
		{2CF94702-9750-495A-A04C-338BA71343A1}.Debug|x64.Build.0 = Debug|Any CPU
		{2CF94702-9750-495A-A04C-338BA71343A1}.Debug|x86.ActiveCfg = Debug|Any CPU
		{2CF94702-9750-495A-A04C-338BA71343A1}.Debug|x86.Build.0 = Debug|Any CPU
		{2CF94702-9750-495A-A04C-338BA71343A1}.Release|Any CPU.ActiveCfg = Release|Any CPU
		{2CF94702-9750-495A-A04C-338BA71343A1}.Release|Any CPU.Build.0 = Release|Any CPU
		{2CF94702-9750-495A-A04C-338BA71343A1}.Release|x64.ActiveCfg = Release|Any CPU
		{2CF94702-9750-495A-A04C-338BA71343A1}.Release|x64.Build.0 = Release|Any CPU
		{2CF94702-9750-495A-A04C-338BA71343A1}.Release|x86.ActiveCfg = Release|Any CPU
		{2CF94702-9750-495A-A04C-338BA71343A1}.Release|x86.Build.0 = Release|Any CPU
		{582ED5C9-B084-42EC-9D01-C031071750E3}.Debug|Any CPU.ActiveCfg = Debug|Any CPU
		{582ED5C9-B084-42EC-9D01-C031071750E3}.Debug|Any CPU.Build.0 = Debug|Any CPU
		{582ED5C9-B084-42EC-9D01-C031071750E3}.Debug|x64.ActiveCfg = Debug|Any CPU
		{582ED5C9-B084-42EC-9D01-C031071750E3}.Debug|x64.Build.0 = Debug|Any CPU
		{582ED5C9-B084-42EC-9D01-C031071750E3}.Debug|x86.ActiveCfg = Debug|Any CPU
		{582ED5C9-B084-42EC-9D01-C031071750E3}.Debug|x86.Build.0 = Debug|Any CPU
		{582ED5C9-B084-42EC-9D01-C031071750E3}.Release|Any CPU.ActiveCfg = Release|Any CPU
		{582ED5C9-B084-42EC-9D01-C031071750E3}.Release|Any CPU.Build.0 = Release|Any CPU
		{582ED5C9-B084-42EC-9D01-C031071750E3}.Release|x64.ActiveCfg = Release|Any CPU
		{582ED5C9-B084-42EC-9D01-C031071750E3}.Release|x64.Build.0 = Release|Any CPU
		{582ED5C9-B084-42EC-9D01-C031071750E3}.Release|x86.ActiveCfg = Release|Any CPU
		{582ED5C9-B084-42EC-9D01-C031071750E3}.Release|x86.Build.0 = Release|Any CPU
		{8D6BCDAF-2CCE-4604-B632-AEF054D869C7}.Debug|Any CPU.ActiveCfg = Debug|Any CPU
		{8D6BCDAF-2CCE-4604-B632-AEF054D869C7}.Debug|Any CPU.Build.0 = Debug|Any CPU
		{8D6BCDAF-2CCE-4604-B632-AEF054D869C7}.Debug|x64.ActiveCfg = Debug|Any CPU
		{8D6BCDAF-2CCE-4604-B632-AEF054D869C7}.Debug|x64.Build.0 = Debug|Any CPU
		{8D6BCDAF-2CCE-4604-B632-AEF054D869C7}.Debug|x86.ActiveCfg = Debug|Any CPU
		{8D6BCDAF-2CCE-4604-B632-AEF054D869C7}.Debug|x86.Build.0 = Debug|Any CPU
		{8D6BCDAF-2CCE-4604-B632-AEF054D869C7}.Release|Any CPU.ActiveCfg = Release|Any CPU
		{8D6BCDAF-2CCE-4604-B632-AEF054D869C7}.Release|Any CPU.Build.0 = Release|Any CPU
		{8D6BCDAF-2CCE-4604-B632-AEF054D869C7}.Release|x64.ActiveCfg = Release|Any CPU
		{8D6BCDAF-2CCE-4604-B632-AEF054D869C7}.Release|x64.Build.0 = Release|Any CPU
		{8D6BCDAF-2CCE-4604-B632-AEF054D869C7}.Release|x86.ActiveCfg = Release|Any CPU
		{8D6BCDAF-2CCE-4604-B632-AEF054D869C7}.Release|x86.Build.0 = Release|Any CPU
		{FE7A638A-9634-4598-B5E6-8DD2A4D64A3D}.Debug|Any CPU.ActiveCfg = Debug|Any CPU
		{FE7A638A-9634-4598-B5E6-8DD2A4D64A3D}.Debug|Any CPU.Build.0 = Debug|Any CPU
		{FE7A638A-9634-4598-B5E6-8DD2A4D64A3D}.Debug|x64.ActiveCfg = Debug|Any CPU
		{FE7A638A-9634-4598-B5E6-8DD2A4D64A3D}.Debug|x64.Build.0 = Debug|Any CPU
		{FE7A638A-9634-4598-B5E6-8DD2A4D64A3D}.Debug|x86.ActiveCfg = Debug|Any CPU
		{FE7A638A-9634-4598-B5E6-8DD2A4D64A3D}.Debug|x86.Build.0 = Debug|Any CPU
		{FE7A638A-9634-4598-B5E6-8DD2A4D64A3D}.Release|Any CPU.ActiveCfg = Release|Any CPU
		{FE7A638A-9634-4598-B5E6-8DD2A4D64A3D}.Release|Any CPU.Build.0 = Release|Any CPU
		{FE7A638A-9634-4598-B5E6-8DD2A4D64A3D}.Release|x64.ActiveCfg = Release|Any CPU
		{FE7A638A-9634-4598-B5E6-8DD2A4D64A3D}.Release|x64.Build.0 = Release|Any CPU
		{FE7A638A-9634-4598-B5E6-8DD2A4D64A3D}.Release|x86.ActiveCfg = Release|Any CPU
		{FE7A638A-9634-4598-B5E6-8DD2A4D64A3D}.Release|x86.Build.0 = Release|Any CPU
		{B05C2B7D-016D-4E2C-A77A-30122EFF76D1}.Debug|Any CPU.ActiveCfg = Debug|Any CPU
		{B05C2B7D-016D-4E2C-A77A-30122EFF76D1}.Debug|Any CPU.Build.0 = Debug|Any CPU
		{B05C2B7D-016D-4E2C-A77A-30122EFF76D1}.Debug|x64.ActiveCfg = Debug|Any CPU
		{B05C2B7D-016D-4E2C-A77A-30122EFF76D1}.Debug|x64.Build.0 = Debug|Any CPU
		{B05C2B7D-016D-4E2C-A77A-30122EFF76D1}.Debug|x86.ActiveCfg = Debug|Any CPU
		{B05C2B7D-016D-4E2C-A77A-30122EFF76D1}.Debug|x86.Build.0 = Debug|Any CPU
		{B05C2B7D-016D-4E2C-A77A-30122EFF76D1}.Release|Any CPU.ActiveCfg = Release|Any CPU
		{B05C2B7D-016D-4E2C-A77A-30122EFF76D1}.Release|Any CPU.Build.0 = Release|Any CPU
		{B05C2B7D-016D-4E2C-A77A-30122EFF76D1}.Release|x64.ActiveCfg = Release|Any CPU
		{B05C2B7D-016D-4E2C-A77A-30122EFF76D1}.Release|x64.Build.0 = Release|Any CPU
		{B05C2B7D-016D-4E2C-A77A-30122EFF76D1}.Release|x86.ActiveCfg = Release|Any CPU
		{B05C2B7D-016D-4E2C-A77A-30122EFF76D1}.Release|x86.Build.0 = Release|Any CPU
		{AFC34C30-E079-4BD3-A8AD-C686A0AD4B7C}.Debug|Any CPU.ActiveCfg = Debug|Any CPU
		{AFC34C30-E079-4BD3-A8AD-C686A0AD4B7C}.Debug|Any CPU.Build.0 = Debug|Any CPU
		{AFC34C30-E079-4BD3-A8AD-C686A0AD4B7C}.Debug|x64.ActiveCfg = Debug|Any CPU
		{AFC34C30-E079-4BD3-A8AD-C686A0AD4B7C}.Debug|x64.Build.0 = Debug|Any CPU
		{AFC34C30-E079-4BD3-A8AD-C686A0AD4B7C}.Debug|x86.ActiveCfg = Debug|Any CPU
		{AFC34C30-E079-4BD3-A8AD-C686A0AD4B7C}.Debug|x86.Build.0 = Debug|Any CPU
		{AFC34C30-E079-4BD3-A8AD-C686A0AD4B7C}.Release|Any CPU.ActiveCfg = Release|Any CPU
		{AFC34C30-E079-4BD3-A8AD-C686A0AD4B7C}.Release|Any CPU.Build.0 = Release|Any CPU
		{AFC34C30-E079-4BD3-A8AD-C686A0AD4B7C}.Release|x64.ActiveCfg = Release|Any CPU
		{AFC34C30-E079-4BD3-A8AD-C686A0AD4B7C}.Release|x64.Build.0 = Release|Any CPU
		{AFC34C30-E079-4BD3-A8AD-C686A0AD4B7C}.Release|x86.ActiveCfg = Release|Any CPU
		{AFC34C30-E079-4BD3-A8AD-C686A0AD4B7C}.Release|x86.Build.0 = Release|Any CPU
	EndGlobalSection
	GlobalSection(SolutionProperties) = preSolution
		HideSolutionNode = FALSE
	EndGlobalSection
	GlobalSection(NestedProjects) = preSolution
		{951F6BF6-02E1-0859-EB3B-B9DB912B064D} = {827E0CD3-B72D-47B6-A68D-7590B98EB39B}
		{720B9202-692D-496D-B87F-AA96D575DA29} = {951F6BF6-02E1-0859-EB3B-B9DB912B064D}
		{2DA36C91-FF87-DF7B-5CA2-AED083F8CF51} = {827E0CD3-B72D-47B6-A68D-7590B98EB39B}
		{2CF94702-9750-495A-A04C-338BA71343A1} = {2DA36C91-FF87-DF7B-5CA2-AED083F8CF51}
		{2D0D8589-EB77-9298-2CFD-9127289B03E1} = {827E0CD3-B72D-47B6-A68D-7590B98EB39B}
		{582ED5C9-B084-42EC-9D01-C031071750E3} = {2D0D8589-EB77-9298-2CFD-9127289B03E1}
		{8D6BCDAF-2CCE-4604-B632-AEF054D869C7} = {827E0CD3-B72D-47B6-A68D-7590B98EB39B}
		{FE7A638A-9634-4598-B5E6-8DD2A4D64A3D} = {827E0CD3-B72D-47B6-A68D-7590B98EB39B}
		{B05C2B7D-016D-4E2C-A77A-30122EFF76D1} = {827E0CD3-B72D-47B6-A68D-7590B98EB39B}
		{AFC34C30-E079-4BD3-A8AD-C686A0AD4B7C} = {827E0CD3-B72D-47B6-A68D-7590B98EB39B}
	EndGlobalSection
EndGlobal
